
Microsoft Visual Studio Solution File, Format Version 12.00
# Visual Studio Version 17
VisualStudioVersion = 17.9.34622.214
MinimumVisualStudioVersion = 10.0.40219.1
Project("{9A19103F-16F7-4668-BE54-9A1E7A4F7556}") = "RegionalTempleInfo", "RegionalTempleInfo.csproj", "{FB0E9E16-6EBB-488F-9D55-8C36600ADD97}"
EndProject
Global
	GlobalSection(SolutionConfigurationPlatforms) = preSolution
		Debug|Any CPU = Debug|Any CPU
		Release|Any CPU = Release|Any CPU
	EndGlobalSection
	GlobalSection(ProjectConfigurationPlatforms) = postSolution
		{FB0E9E16-6EBB-488F-9D55-8C36600ADD97}.Debug|Any CPU.ActiveCfg = Debug|Any CPU
		{FB0E9E16-6EBB-488F-9D55-8C36600ADD97}.Debug|Any CPU.Build.0 = Debug|Any CPU
		{FB0E9E16-6EBB-488F-9D55-8C36600ADD97}.Release|Any CPU.ActiveCfg = Release|Any CPU
		{FB0E9E16-6EBB-488F-9D55-8C36600ADD97}.Release|Any CPU.Build.0 = Release|Any CPU
	EndGlobalSection
	GlobalSection(SolutionProperties) = preSolution
		HideSolutionNode = FALSE
	EndGlobalSection
	GlobalSection(ExtensibilityGlobals) = postSolution
		SolutionGuid = {32B51AC0-459F-4DFA-85B7-01B0024D2602}
	EndGlobalSection
EndGlobal
